
Microsoft Visual Studio Solution File, Format Version 12.00
# Visual Studio Version 17
VisualStudioVersion = 17.10.35122.118
MinimumVisualStudioVersion = 10.0.40219.1
Project("{FAE04EC0-301F-11D3-BF4B-00C04F79EFBC}") = "Chatix", "Chatix.csproj", "{DD6D7902-3085-42B8-895B-524AAE688A45}"
EndProject
Global
	GlobalSection(SolutionConfigurationPlatforms) = preSolution
		Debug|Any CPU = Debug|Any CPU
		Release|Any CPU = Release|Any CPU
	EndGlobalSection
	GlobalSection(ProjectConfigurationPlatforms) = postSolution
		{DD6D7902-3085-42B8-895B-524AAE688A45}.Debug|Any CPU.ActiveCfg = Debug|Any CPU
		{DD6D7902-3085-42B8-895B-524AAE688A45}.Debug|Any CPU.Build.0 = Debug|Any CPU
		{DD6D7902-3085-42B8-895B-524AAE688A45}.Release|Any CPU.ActiveCfg = Release|Any CPU
		{DD6D7902-3085-42B8-895B-524AAE688A45}.Release|Any CPU.Build.0 = Release|Any CPU
	EndGlobalSection
	GlobalSection(SolutionProperties) = preSolution
		HideSolutionNode = FALSE
	EndGlobalSection
	GlobalSection(ExtensibilityGlobals) = postSolution
		SolutionGuid = {30EF5C42-1099-4CA9-AB7B-A6CE1AF0BCEB}
	EndGlobalSection
EndGlobal
