
Microsoft Visual Studio Solution File, Format Version 12.00
# Visual Studio Version 17
VisualStudioVersion = 17.7.34031.279
MinimumVisualStudioVersion = 10.0.40219.1
Project("{FAE04EC0-301F-11D3-BF4B-00C04F79EFBC}") = "Task1", "Task1.csproj", "{4D038445-A42F-414B-83C1-77CBCF3BBBCF}"
EndProject
Global
	GlobalSection(SolutionConfigurationPlatforms) = preSolution
		Debug|Any CPU = Debug|Any CPU
		Release|Any CPU = Release|Any CPU
	EndGlobalSection
	GlobalSection(ProjectConfigurationPlatforms) = postSolution
		{4D038445-A42F-414B-83C1-77CBCF3BBBCF}.Debug|Any CPU.ActiveCfg = Debug|Any CPU
		{4D038445-A42F-414B-83C1-77CBCF3BBBCF}.Debug|Any CPU.Build.0 = Debug|Any CPU
		{4D038445-A42F-414B-83C1-77CBCF3BBBCF}.Release|Any CPU.ActiveCfg = Release|Any CPU
		{4D038445-A42F-414B-83C1-77CBCF3BBBCF}.Release|Any CPU.Build.0 = Release|Any CPU
	EndGlobalSection
	GlobalSection(SolutionProperties) = preSolution
		HideSolutionNode = FALSE
	EndGlobalSection
	GlobalSection(ExtensibilityGlobals) = postSolution
		SolutionGuid = {AC737E14-FB4A-412F-B088-1334D22E7984}
	EndGlobalSection
EndGlobal
