
Microsoft Visual Studio Solution File, Format Version 12.00
# Visual Studio Version 17
VisualStudioVersion = 17.10.35004.147
MinimumVisualStudioVersion = 10.0.40219.1
Project("{FAE04EC0-301F-11D3-BF4B-00C04F79EFBC}") = "QuizApp", "QuizApp.csproj", "{240E7C43-F612-48C9-A73D-DD14A190E4EF}"
EndProject
Global
	GlobalSection(SolutionConfigurationPlatforms) = preSolution
		Debug|Any CPU = Debug|Any CPU
		Release|Any CPU = Release|Any CPU
	EndGlobalSection
	GlobalSection(ProjectConfigurationPlatforms) = postSolution
		{240E7C43-F612-48C9-A73D-DD14A190E4EF}.Debug|Any CPU.ActiveCfg = Debug|Any CPU
		{240E7C43-F612-48C9-A73D-DD14A190E4EF}.Debug|Any CPU.Build.0 = Debug|Any CPU
		{240E7C43-F612-48C9-A73D-DD14A190E4EF}.Release|Any CPU.ActiveCfg = Release|Any CPU
		{240E7C43-F612-48C9-A73D-DD14A190E4EF}.Release|Any CPU.Build.0 = Release|Any CPU
	EndGlobalSection
	GlobalSection(SolutionProperties) = preSolution
		HideSolutionNode = FALSE
	EndGlobalSection
	GlobalSection(ExtensibilityGlobals) = postSolution
		SolutionGuid = {F3CFA14C-8082-4DC1-BED8-9FF5B307A731}
	EndGlobalSection
EndGlobal
