
Microsoft Visual Studio Solution File, Format Version 12.00
# Visual Studio Version 17
VisualStudioVersion = 17.8.34322.80
MinimumVisualStudioVersion = 10.0.40219.1
Project("{FAE04EC0-301F-11D3-BF4B-00C04F79EFBC}") = "urlCutter", "urlCutter\urlCutter.csproj", "{8E254D69-5002-4368-B689-EB9EB734E518}"
EndProject
Global
	GlobalSection(SolutionConfigurationPlatforms) = preSolution
		Debug|Any CPU = Debug|Any CPU
		Release|Any CPU = Release|Any CPU
	EndGlobalSection
	GlobalSection(ProjectConfigurationPlatforms) = postSolution
		{8E254D69-5002-4368-B689-EB9EB734E518}.Debug|Any CPU.ActiveCfg = Debug|Any CPU
		{8E254D69-5002-4368-B689-EB9EB734E518}.Debug|Any CPU.Build.0 = Debug|Any CPU
		{8E254D69-5002-4368-B689-EB9EB734E518}.Release|Any CPU.ActiveCfg = Release|Any CPU
		{8E254D69-5002-4368-B689-EB9EB734E518}.Release|Any CPU.Build.0 = Release|Any CPU
	EndGlobalSection
	GlobalSection(SolutionProperties) = preSolution
		HideSolutionNode = FALSE
	EndGlobalSection
	GlobalSection(ExtensibilityGlobals) = postSolution
		SolutionGuid = {BCE6754B-E66F-465C-91AD-901C2D26C620}
	EndGlobalSection
EndGlobal
