
Microsoft Visual Studio Solution File, Format Version 12.00
# Visual Studio Version 17
VisualStudioVersion = 17.7.34031.279
MinimumVisualStudioVersion = 10.0.40219.1
Project("{FAE04EC0-301F-11D3-BF4B-00C04F79EFBC}") = "Homework8", "Homework8.csproj", "{77973A6B-B7C7-4838-9C71-C5E07BF8455E}"
EndProject
Global
	GlobalSection(SolutionConfigurationPlatforms) = preSolution
		Debug|Any CPU = Debug|Any CPU
		Release|Any CPU = Release|Any CPU
	EndGlobalSection
	GlobalSection(ProjectConfigurationPlatforms) = postSolution
		{77973A6B-B7C7-4838-9C71-C5E07BF8455E}.Debug|Any CPU.ActiveCfg = Debug|Any CPU
		{77973A6B-B7C7-4838-9C71-C5E07BF8455E}.Debug|Any CPU.Build.0 = Debug|Any CPU
		{77973A6B-B7C7-4838-9C71-C5E07BF8455E}.Release|Any CPU.ActiveCfg = Release|Any CPU
		{77973A6B-B7C7-4838-9C71-C5E07BF8455E}.Release|Any CPU.Build.0 = Release|Any CPU
	EndGlobalSection
	GlobalSection(SolutionProperties) = preSolution
		HideSolutionNode = FALSE
	EndGlobalSection
	GlobalSection(ExtensibilityGlobals) = postSolution
		SolutionGuid = {2F06CD3D-4A37-404B-B981-B0546022C613}
	EndGlobalSection
EndGlobal
