
Microsoft Visual Studio Solution File, Format Version 12.00
# Visual Studio Version 17
VisualStudioVersion = 17.7.34031.279
MinimumVisualStudioVersion = 10.0.40219.1
Project("{FAE04EC0-301F-11D3-BF4B-00C04F79EFBC}") = "Homework12", "Homework12.csproj", "{F87389FF-4D1C-4926-91FA-A5C29BF8EEF7}"
EndProject
Global
	GlobalSection(SolutionConfigurationPlatforms) = preSolution
		Debug|Any CPU = Debug|Any CPU
		Release|Any CPU = Release|Any CPU
	EndGlobalSection
	GlobalSection(ProjectConfigurationPlatforms) = postSolution
		{F87389FF-4D1C-4926-91FA-A5C29BF8EEF7}.Debug|Any CPU.ActiveCfg = Debug|Any CPU
		{F87389FF-4D1C-4926-91FA-A5C29BF8EEF7}.Debug|Any CPU.Build.0 = Debug|Any CPU
		{F87389FF-4D1C-4926-91FA-A5C29BF8EEF7}.Release|Any CPU.ActiveCfg = Release|Any CPU
		{F87389FF-4D1C-4926-91FA-A5C29BF8EEF7}.Release|Any CPU.Build.0 = Release|Any CPU
	EndGlobalSection
	GlobalSection(SolutionProperties) = preSolution
		HideSolutionNode = FALSE
	EndGlobalSection
	GlobalSection(ExtensibilityGlobals) = postSolution
		SolutionGuid = {AD1F099E-C51F-4FCF-9677-A7D34455E7BF}
	EndGlobalSection
EndGlobal
