
Microsoft Visual Studio Solution File, Format Version 12.00
# Visual Studio Version 17
VisualStudioVersion = 17.8.34322.80
MinimumVisualStudioVersion = 10.0.40219.1
Project("{FAE04EC0-301F-11D3-BF4B-00C04F79EFBC}") = "Azure_Meeting_7", "Azure_Meeting_7\Azure_Meeting_7.csproj", "{716963F9-1DDD-4B46-9DD4-DE2113A35416}"
EndProject
Global
	GlobalSection(SolutionConfigurationPlatforms) = preSolution
		Debug|Any CPU = Debug|Any CPU
		Release|Any CPU = Release|Any CPU
	EndGlobalSection
	GlobalSection(ProjectConfigurationPlatforms) = postSolution
		{716963F9-1DDD-4B46-9DD4-DE2113A35416}.Debug|Any CPU.ActiveCfg = Debug|Any CPU
		{716963F9-1DDD-4B46-9DD4-DE2113A35416}.Debug|Any CPU.Build.0 = Debug|Any CPU
		{716963F9-1DDD-4B46-9DD4-DE2113A35416}.Release|Any CPU.ActiveCfg = Release|Any CPU
		{716963F9-1DDD-4B46-9DD4-DE2113A35416}.Release|Any CPU.Build.0 = Release|Any CPU
	EndGlobalSection
	GlobalSection(SolutionProperties) = preSolution
		HideSolutionNode = FALSE
	EndGlobalSection
	GlobalSection(ExtensibilityGlobals) = postSolution
		SolutionGuid = {24CF48F2-8626-4664-A3A9-3D5779ADF1DC}
	EndGlobalSection
EndGlobal
