
Microsoft Visual Studio Solution File, Format Version 12.00
# Visual Studio Version 17
VisualStudioVersion = 17.7.34031.279
MinimumVisualStudioVersion = 10.0.40219.1
Project("{FAE04EC0-301F-11D3-BF4B-00C04F79EFBC}") = "Homework3", "Homework3.csproj", "{633BF86A-E9E6-4462-B6C3-CBE8E61460CF}"
EndProject
Global
	GlobalSection(SolutionConfigurationPlatforms) = preSolution
		Debug|Any CPU = Debug|Any CPU
		Release|Any CPU = Release|Any CPU
	EndGlobalSection
	GlobalSection(ProjectConfigurationPlatforms) = postSolution
		{633BF86A-E9E6-4462-B6C3-CBE8E61460CF}.Debug|Any CPU.ActiveCfg = Debug|Any CPU
		{633BF86A-E9E6-4462-B6C3-CBE8E61460CF}.Debug|Any CPU.Build.0 = Debug|Any CPU
		{633BF86A-E9E6-4462-B6C3-CBE8E61460CF}.Release|Any CPU.ActiveCfg = Release|Any CPU
		{633BF86A-E9E6-4462-B6C3-CBE8E61460CF}.Release|Any CPU.Build.0 = Release|Any CPU
	EndGlobalSection
	GlobalSection(SolutionProperties) = preSolution
		HideSolutionNode = FALSE
	EndGlobalSection
	GlobalSection(ExtensibilityGlobals) = postSolution
		SolutionGuid = {E0D68654-3AF2-4B3C-9CF6-BA954228D725}
	EndGlobalSection
EndGlobal
