
Microsoft Visual Studio Solution File, Format Version 12.00
# Visual Studio Version 17
VisualStudioVersion = 17.7.34031.279
MinimumVisualStudioVersion = 10.0.40219.1
Project("{FAE04EC0-301F-11D3-BF4B-00C04F79EFBC}") = "Task1", "Task1.csproj", "{D8DE99ED-1E1E-4865-82BF-5D0D87C9B3A9}"
EndProject
Global
	GlobalSection(SolutionConfigurationPlatforms) = preSolution
		Debug|Any CPU = Debug|Any CPU
		Release|Any CPU = Release|Any CPU
	EndGlobalSection
	GlobalSection(ProjectConfigurationPlatforms) = postSolution
		{D8DE99ED-1E1E-4865-82BF-5D0D87C9B3A9}.Debug|Any CPU.ActiveCfg = Debug|Any CPU
		{D8DE99ED-1E1E-4865-82BF-5D0D87C9B3A9}.Debug|Any CPU.Build.0 = Debug|Any CPU
		{D8DE99ED-1E1E-4865-82BF-5D0D87C9B3A9}.Release|Any CPU.ActiveCfg = Release|Any CPU
		{D8DE99ED-1E1E-4865-82BF-5D0D87C9B3A9}.Release|Any CPU.Build.0 = Release|Any CPU
	EndGlobalSection
	GlobalSection(SolutionProperties) = preSolution
		HideSolutionNode = FALSE
	EndGlobalSection
	GlobalSection(ExtensibilityGlobals) = postSolution
		SolutionGuid = {60810030-AEA7-4F29-A189-65A6CC3FB7A8}
	EndGlobalSection
EndGlobal
