
Microsoft Visual Studio Solution File, Format Version 12.00
# Visual Studio Version 17
VisualStudioVersion = 17.8.34322.80
MinimumVisualStudioVersion = 10.0.40219.1
Project("{FAE04EC0-301F-11D3-BF4B-00C04F79EFBC}") = "AzureMeeting_4", "AzureMeeting_4\AzureMeeting_4.csproj", "{4899662A-C7CF-45E8-BBEF-BA0BF99733AA}"
EndProject
Global
	GlobalSection(SolutionConfigurationPlatforms) = preSolution
		Debug|Any CPU = Debug|Any CPU
		Release|Any CPU = Release|Any CPU
	EndGlobalSection
	GlobalSection(ProjectConfigurationPlatforms) = postSolution
		{4899662A-C7CF-45E8-BBEF-BA0BF99733AA}.Debug|Any CPU.ActiveCfg = Debug|Any CPU
		{4899662A-C7CF-45E8-BBEF-BA0BF99733AA}.Debug|Any CPU.Build.0 = Debug|Any CPU
		{4899662A-C7CF-45E8-BBEF-BA0BF99733AA}.Release|Any CPU.ActiveCfg = Release|Any CPU
		{4899662A-C7CF-45E8-BBEF-BA0BF99733AA}.Release|Any CPU.Build.0 = Release|Any CPU
	EndGlobalSection
	GlobalSection(SolutionProperties) = preSolution
		HideSolutionNode = FALSE
	EndGlobalSection
	GlobalSection(ExtensibilityGlobals) = postSolution
		SolutionGuid = {9AF3A10F-E80E-4BC9-8EDB-D983B1FE5AAF}
	EndGlobalSection
EndGlobal
