
Microsoft Visual Studio Solution File, Format Version 12.00
# Visual Studio Version 17
VisualStudioVersion = 17.10.35122.118
MinimumVisualStudioVersion = 10.0.40219.1
Project("{FAE04EC0-301F-11D3-BF4B-00C04F79EFBC}") = "Client", "Client.csproj", "{0B6EBD51-A1D2-4FC0-B267-1A03FCB7A3DE}"
EndProject
Project("{FAE04EC0-301F-11D3-BF4B-00C04F79EFBC}") = "Server", "..\Server\Server.csproj", "{4996668B-42C2-4E44-AE93-B2197948D57C}"
EndProject
Global
	GlobalSection(SolutionConfigurationPlatforms) = preSolution
		Debug|Any CPU = Debug|Any CPU
		Release|Any CPU = Release|Any CPU
	EndGlobalSection
	GlobalSection(ProjectConfigurationPlatforms) = postSolution
		{0B6EBD51-A1D2-4FC0-B267-1A03FCB7A3DE}.Debug|Any CPU.ActiveCfg = Debug|Any CPU
		{0B6EBD51-A1D2-4FC0-B267-1A03FCB7A3DE}.Debug|Any CPU.Build.0 = Debug|Any CPU
		{0B6EBD51-A1D2-4FC0-B267-1A03FCB7A3DE}.Release|Any CPU.ActiveCfg = Release|Any CPU
		{0B6EBD51-A1D2-4FC0-B267-1A03FCB7A3DE}.Release|Any CPU.Build.0 = Release|Any CPU
		{4996668B-42C2-4E44-AE93-B2197948D57C}.Debug|Any CPU.ActiveCfg = Debug|Any CPU
		{4996668B-42C2-4E44-AE93-B2197948D57C}.Debug|Any CPU.Build.0 = Debug|Any CPU
		{4996668B-42C2-4E44-AE93-B2197948D57C}.Release|Any CPU.ActiveCfg = Release|Any CPU
		{4996668B-42C2-4E44-AE93-B2197948D57C}.Release|Any CPU.Build.0 = Release|Any CPU
	EndGlobalSection
	GlobalSection(SolutionProperties) = preSolution
		HideSolutionNode = FALSE
	EndGlobalSection
	GlobalSection(ExtensibilityGlobals) = postSolution
		SolutionGuid = {8BE13F4A-2FCB-4A28-BEC3-D3ED9FECDC3F}
	EndGlobalSection
EndGlobal
