
Microsoft Visual Studio Solution File, Format Version 12.00
# Visual Studio Version 17
VisualStudioVersion = 17.8.34322.80
MinimumVisualStudioVersion = 10.0.40219.1
Project("{FAE04EC0-301F-11D3-BF4B-00C04F79EFBC}") = "CatsMvcViewerApp", "CatsMvcViewerApp\CatsMvcViewerApp.csproj", "{7D020136-5403-48F0-AC60-F091D67094A9}"
EndProject
Global
	GlobalSection(SolutionConfigurationPlatforms) = preSolution
		Debug|Any CPU = Debug|Any CPU
		Release|Any CPU = Release|Any CPU
	EndGlobalSection
	GlobalSection(ProjectConfigurationPlatforms) = postSolution
		{7D020136-5403-48F0-AC60-F091D67094A9}.Debug|Any CPU.ActiveCfg = Debug|Any CPU
		{7D020136-5403-48F0-AC60-F091D67094A9}.Debug|Any CPU.Build.0 = Debug|Any CPU
		{7D020136-5403-48F0-AC60-F091D67094A9}.Release|Any CPU.ActiveCfg = Release|Any CPU
		{7D020136-5403-48F0-AC60-F091D67094A9}.Release|Any CPU.Build.0 = Release|Any CPU
	EndGlobalSection
	GlobalSection(SolutionProperties) = preSolution
		HideSolutionNode = FALSE
	EndGlobalSection
	GlobalSection(ExtensibilityGlobals) = postSolution
		SolutionGuid = {D0A73334-E4BD-4DA1-B08E-50DA0B8BD498}
	EndGlobalSection
EndGlobal
