
Microsoft Visual Studio Solution File, Format Version 12.00
# Visual Studio Version 17
VisualStudioVersion = 17.7.34031.279
MinimumVisualStudioVersion = 10.0.40219.1
Project("{FAE04EC0-301F-11D3-BF4B-00C04F79EFBC}") = "Lesson3", "Lesson3.csproj", "{C11EC370-D3E7-49C4-A011-079219A45442}"
EndProject
Global
	GlobalSection(SolutionConfigurationPlatforms) = preSolution
		Debug|Any CPU = Debug|Any CPU
		Release|Any CPU = Release|Any CPU
	EndGlobalSection
	GlobalSection(ProjectConfigurationPlatforms) = postSolution
		{C11EC370-D3E7-49C4-A011-079219A45442}.Debug|Any CPU.ActiveCfg = Debug|Any CPU
		{C11EC370-D3E7-49C4-A011-079219A45442}.Debug|Any CPU.Build.0 = Debug|Any CPU
		{C11EC370-D3E7-49C4-A011-079219A45442}.Release|Any CPU.ActiveCfg = Release|Any CPU
		{C11EC370-D3E7-49C4-A011-079219A45442}.Release|Any CPU.Build.0 = Release|Any CPU
	EndGlobalSection
	GlobalSection(SolutionProperties) = preSolution
		HideSolutionNode = FALSE
	EndGlobalSection
	GlobalSection(ExtensibilityGlobals) = postSolution
		SolutionGuid = {E6E6AE91-098F-4F32-89B2-B3C5514BC72F}
	EndGlobalSection
EndGlobal
